
Microsoft Visual Studio Solution File, Format Version 12.00
# Visual Studio 14
VisualStudioVersion = 14.0.23107.0
MinimumVisualStudioVersion = 10.0.40219.1
Project("{FAE04EC0-301F-11D3-BF4B-00C04F79EFBC}") = "DesignPatterns_Simple", "DesignPatterns_Simple\DesignPatterns_Simple.csproj", "{4C529292-A0E3-4987-B5E0-463A182DAFDC}"
EndProject
Project("{FAE04EC0-301F-11D3-BF4B-00C04F79EFBC}") = "SOLID", "SOLID\SOLID.csproj", "{DE93CC01-2BCA-4B74-AE18-64936B876853}"
EndProject
Global
	GlobalSection(SolutionConfigurationPlatforms) = preSolution
		Debug|Any CPU = Debug|Any CPU
		Release|Any CPU = Release|Any CPU
	EndGlobalSection
	GlobalSection(ProjectConfigurationPlatforms) = postSolution
		{4C529292-A0E3-4987-B5E0-463A182DAFDC}.Debug|Any CPU.ActiveCfg = Debug|Any CPU
		{4C529292-A0E3-4987-B5E0-463A182DAFDC}.Debug|Any CPU.Build.0 = Debug|Any CPU
		{4C529292-A0E3-4987-B5E0-463A182DAFDC}.Release|Any CPU.ActiveCfg = Release|Any CPU
		{4C529292-A0E3-4987-B5E0-463A182DAFDC}.Release|Any CPU.Build.0 = Release|Any CPU
		{DE93CC01-2BCA-4B74-AE18-64936B876853}.Debug|Any CPU.ActiveCfg = Debug|Any CPU
		{DE93CC01-2BCA-4B74-AE18-64936B876853}.Debug|Any CPU.Build.0 = Debug|Any CPU
		{DE93CC01-2BCA-4B74-AE18-64936B876853}.Release|Any CPU.ActiveCfg = Release|Any CPU
		{DE93CC01-2BCA-4B74-AE18-64936B876853}.Release|Any CPU.Build.0 = Release|Any CPU
	EndGlobalSection
	GlobalSection(SolutionProperties) = preSolution
		HideSolutionNode = FALSE
	EndGlobalSection
EndGlobal
